
Microsoft Visual Studio Solution File, Format Version 12.00
# Visual Studio Version 17
VisualStudioVersion = 17.6.33829.357
MinimumVisualStudioVersion = 10.0.40219.1
Project("{9A19103F-16F7-4668-BE54-9A1E7A4F7556}") = "CryptoPredictorAPI", "CryptoPredictorAPI\CryptoPredictorAPI.csproj", "{223B77F7-F3D1-4B29-8C77-47AFA1DB1D70}"
EndProject
Global
	GlobalSection(SolutionConfigurationPlatforms) = preSolution
		Debug|Any CPU = Debug|Any CPU
		Release|Any CPU = Release|Any CPU
	EndGlobalSection
	GlobalSection(ProjectConfigurationPlatforms) = postSolution
		{223B77F7-F3D1-4B29-8C77-47AFA1DB1D70}.Debug|Any CPU.ActiveCfg = Debug|Any CPU
		{223B77F7-F3D1-4B29-8C77-47AFA1DB1D70}.Debug|Any CPU.Build.0 = Debug|Any CPU
		{223B77F7-F3D1-4B29-8C77-47AFA1DB1D70}.Release|Any CPU.ActiveCfg = Release|Any CPU
		{223B77F7-F3D1-4B29-8C77-47AFA1DB1D70}.Release|Any CPU.Build.0 = Release|Any CPU
	EndGlobalSection
	GlobalSection(SolutionProperties) = preSolution
		HideSolutionNode = FALSE
	EndGlobalSection
	GlobalSection(ExtensibilityGlobals) = postSolution
		SolutionGuid = {D687E257-6458-4E83-A78E-6059AD2C6684}
	EndGlobalSection
EndGlobal
